
Microsoft Visual Studio Solution File, Format Version 12.00
# Visual Studio 2012
Project("{FAE04EC0-301F-11D3-BF4B-00C04F79EFBC}") = "PhuDinh", "PhuDinh\PhuDinh.csproj", "{BD79A609-E728-4359-8763-4D161E7F88F1}"
EndProject
Project("{FAE04EC0-301F-11D3-BF4B-00C04F79EFBC}") = "PhuDinhData", "PhuDinhData\PhuDinhData.csproj", "{9E6F47F9-162F-458F-A4C3-42B455F09D43}"
EndProject
Project("{FAE04EC0-301F-11D3-BF4B-00C04F79EFBC}") = "PhuDinhCommonControl", "PhuDinhCommonControl\PhuDinhCommonControl.csproj", "{55A6491E-8CDC-4FDC-AB34-C6A7C932185C}"
EndProject
Project("{FAE04EC0-301F-11D3-BF4B-00C04F79EFBC}") = "PhuDinhCommon", "PhuDinhCommon\PhuDinhCommon.csproj", "{E7CDBBDC-0D94-48B8-9934-EBFBB75E533D}"
EndProject
Project("{FAE04EC0-301F-11D3-BF4B-00C04F79EFBC}") = "UnitTestPhuDinhCommon", "UnitTestPhuDinhCommon\UnitTestPhuDinhCommon.csproj", "{8060ABF8-AD19-4A06-B66E-419AFCABC77A}"
EndProject
Project("{FAE04EC0-301F-11D3-BF4B-00C04F79EFBC}") = "TestWpfApplication", "TestWpfApplication\TestWpfApplication.csproj", "{C765769D-AC3E-458E-A256-1B77AC656B4C}"
EndProject
Project("{00D1A9C2-B5F0-4AF3-8072-F6C62B433612}") = "Database", "Database\Database.sqlproj", "{B1F2EC36-D689-4979-85F5-EB07686E3A98}"
EndProject
Project("{FAE04EC0-301F-11D3-BF4B-00C04F79EFBC}") = "PhuDinhXBAP", "PhuDinhXBAP\PhuDinhXBAP.csproj", "{E88D32AC-933A-4AEC-8435-33CF042531B6}"
EndProject
Project("{FAE04EC0-301F-11D3-BF4B-00C04F79EFBC}") = "CryptoUtility", "CryptoUtility\CryptoUtility.csproj", "{8ED430D3-433F-41CD-8632-064CD181678E}"
EndProject
Project("{FAE04EC0-301F-11D3-BF4B-00C04F79EFBC}") = "CustomControl", "CustomControl\CustomControl.csproj", "{64F9D717-B4F2-4508-AFE6-4CBF5B811BEF}"
EndProject
Project("{FAE04EC0-301F-11D3-BF4B-00C04F79EFBC}") = "PhuDinhReport", "PhuDinhReport\PhuDinhReport.csproj", "{A0687BE7-AC65-408D-8A17-785F7070F646}"
EndProject
Project("{FAE04EC0-301F-11D3-BF4B-00C04F79EFBC}") = "PhuDinhWeb", "PhuDinhWeb\PhuDinhWeb.csproj", "{EC35685C-F660-44CB-B97D-18E1D1A062F5}"
EndProject
Project("{2150E333-8FDC-42A3-9474-1A3956D46DE8}") = ".nuget", ".nuget", "{D1AAB334-C6C2-4776-ACA8-8D6A3BD4B756}"
	ProjectSection(SolutionItems) = preProject
		.nuget\NuGet.Config = .nuget\NuGet.Config
		.nuget\NuGet.exe = .nuget\NuGet.exe
		.nuget\NuGet.targets = .nuget\NuGet.targets
	EndProjectSection
EndProject
Project("{FAE04EC0-301F-11D3-BF4B-00C04F79EFBC}") = "PhuDinhConsole", "PhuDinhConsole\PhuDinhConsole.csproj", "{A3BC1D2F-F2DA-48DC-9EC3-FD5C03C50C4F}"
EndProject
Project("{FAE04EC0-301F-11D3-BF4B-00C04F79EFBC}") = "Common", "Common\Common.csproj", "{2CCBE1B5-A9A8-4355-9DDC-ACF8AF4C6D41}"
EndProject
Project("{FAE04EC0-301F-11D3-BF4B-00C04F79EFBC}") = "WcfMessageSecurityService", "WcfMessageSecurityService\WcfMessageSecurityService.csproj", "{944811A4-8A13-439F-BCF3-82CAC46120A8}"
EndProject
Project("{FAE04EC0-301F-11D3-BF4B-00C04F79EFBC}") = "PhuDinhOData", "PhuDinhOData\PhuDinhOData.csproj", "{706336F8-930F-4C57-B05B-ABFFDBABD9BE}"
EndProject
Project("{FAE04EC0-301F-11D3-BF4B-00C04F79EFBC}") = "PhuDinhDataEntity", "PhuDinhDataEntity\PhuDinhDataEntity.csproj", "{02B6159F-4020-44F7-840E-8E5B8ED85DF9}"
EndProject
Global
	GlobalSection(SolutionConfigurationPlatforms) = preSolution
		Debug|Any CPU = Debug|Any CPU
		Release|Any CPU = Release|Any CPU
	EndGlobalSection
	GlobalSection(ProjectConfigurationPlatforms) = postSolution
		{BD79A609-E728-4359-8763-4D161E7F88F1}.Debug|Any CPU.ActiveCfg = Debug|Any CPU
		{BD79A609-E728-4359-8763-4D161E7F88F1}.Debug|Any CPU.Build.0 = Debug|Any CPU
		{BD79A609-E728-4359-8763-4D161E7F88F1}.Release|Any CPU.ActiveCfg = Release|Any CPU
		{BD79A609-E728-4359-8763-4D161E7F88F1}.Release|Any CPU.Build.0 = Release|Any CPU
		{9E6F47F9-162F-458F-A4C3-42B455F09D43}.Debug|Any CPU.ActiveCfg = Debug|Any CPU
		{9E6F47F9-162F-458F-A4C3-42B455F09D43}.Debug|Any CPU.Build.0 = Debug|Any CPU
		{9E6F47F9-162F-458F-A4C3-42B455F09D43}.Release|Any CPU.ActiveCfg = Release|Any CPU
		{9E6F47F9-162F-458F-A4C3-42B455F09D43}.Release|Any CPU.Build.0 = Release|Any CPU
		{55A6491E-8CDC-4FDC-AB34-C6A7C932185C}.Debug|Any CPU.ActiveCfg = Debug|Any CPU
		{55A6491E-8CDC-4FDC-AB34-C6A7C932185C}.Debug|Any CPU.Build.0 = Debug|Any CPU
		{55A6491E-8CDC-4FDC-AB34-C6A7C932185C}.Release|Any CPU.ActiveCfg = Release|Any CPU
		{55A6491E-8CDC-4FDC-AB34-C6A7C932185C}.Release|Any CPU.Build.0 = Release|Any CPU
		{E7CDBBDC-0D94-48B8-9934-EBFBB75E533D}.Debug|Any CPU.ActiveCfg = Debug|Any CPU
		{E7CDBBDC-0D94-48B8-9934-EBFBB75E533D}.Debug|Any CPU.Build.0 = Debug|Any CPU
		{E7CDBBDC-0D94-48B8-9934-EBFBB75E533D}.Release|Any CPU.ActiveCfg = Release|Any CPU
		{E7CDBBDC-0D94-48B8-9934-EBFBB75E533D}.Release|Any CPU.Build.0 = Release|Any CPU
		{8060ABF8-AD19-4A06-B66E-419AFCABC77A}.Debug|Any CPU.ActiveCfg = Debug|Any CPU
		{8060ABF8-AD19-4A06-B66E-419AFCABC77A}.Debug|Any CPU.Build.0 = Debug|Any CPU
		{8060ABF8-AD19-4A06-B66E-419AFCABC77A}.Release|Any CPU.ActiveCfg = Release|Any CPU
		{8060ABF8-AD19-4A06-B66E-419AFCABC77A}.Release|Any CPU.Build.0 = Release|Any CPU
		{C765769D-AC3E-458E-A256-1B77AC656B4C}.Debug|Any CPU.ActiveCfg = Debug|Any CPU
		{C765769D-AC3E-458E-A256-1B77AC656B4C}.Debug|Any CPU.Build.0 = Debug|Any CPU
		{C765769D-AC3E-458E-A256-1B77AC656B4C}.Release|Any CPU.ActiveCfg = Release|Any CPU
		{C765769D-AC3E-458E-A256-1B77AC656B4C}.Release|Any CPU.Build.0 = Release|Any CPU
		{B1F2EC36-D689-4979-85F5-EB07686E3A98}.Debug|Any CPU.ActiveCfg = Debug|Any CPU
		{B1F2EC36-D689-4979-85F5-EB07686E3A98}.Debug|Any CPU.Build.0 = Debug|Any CPU
		{B1F2EC36-D689-4979-85F5-EB07686E3A98}.Release|Any CPU.ActiveCfg = Release|Any CPU
		{B1F2EC36-D689-4979-85F5-EB07686E3A98}.Release|Any CPU.Build.0 = Release|Any CPU
		{E88D32AC-933A-4AEC-8435-33CF042531B6}.Debug|Any CPU.ActiveCfg = Debug|Any CPU
		{E88D32AC-933A-4AEC-8435-33CF042531B6}.Debug|Any CPU.Build.0 = Debug|Any CPU
		{E88D32AC-933A-4AEC-8435-33CF042531B6}.Release|Any CPU.ActiveCfg = Release|Any CPU
		{E88D32AC-933A-4AEC-8435-33CF042531B6}.Release|Any CPU.Build.0 = Release|Any CPU
		{8ED430D3-433F-41CD-8632-064CD181678E}.Debug|Any CPU.ActiveCfg = Debug|Any CPU
		{8ED430D3-433F-41CD-8632-064CD181678E}.Debug|Any CPU.Build.0 = Debug|Any CPU
		{8ED430D3-433F-41CD-8632-064CD181678E}.Release|Any CPU.ActiveCfg = Release|Any CPU
		{8ED430D3-433F-41CD-8632-064CD181678E}.Release|Any CPU.Build.0 = Release|Any CPU
		{64F9D717-B4F2-4508-AFE6-4CBF5B811BEF}.Debug|Any CPU.ActiveCfg = Debug|Any CPU
		{64F9D717-B4F2-4508-AFE6-4CBF5B811BEF}.Debug|Any CPU.Build.0 = Debug|Any CPU
		{64F9D717-B4F2-4508-AFE6-4CBF5B811BEF}.Release|Any CPU.ActiveCfg = Release|Any CPU
		{64F9D717-B4F2-4508-AFE6-4CBF5B811BEF}.Release|Any CPU.Build.0 = Release|Any CPU
		{A0687BE7-AC65-408D-8A17-785F7070F646}.Debug|Any CPU.ActiveCfg = Debug|Any CPU
		{A0687BE7-AC65-408D-8A17-785F7070F646}.Debug|Any CPU.Build.0 = Debug|Any CPU
		{A0687BE7-AC65-408D-8A17-785F7070F646}.Release|Any CPU.ActiveCfg = Release|Any CPU
		{A0687BE7-AC65-408D-8A17-785F7070F646}.Release|Any CPU.Build.0 = Release|Any CPU
		{EC35685C-F660-44CB-B97D-18E1D1A062F5}.Debug|Any CPU.ActiveCfg = Debug|Any CPU
		{EC35685C-F660-44CB-B97D-18E1D1A062F5}.Debug|Any CPU.Build.0 = Debug|Any CPU
		{EC35685C-F660-44CB-B97D-18E1D1A062F5}.Release|Any CPU.ActiveCfg = Release|Any CPU
		{EC35685C-F660-44CB-B97D-18E1D1A062F5}.Release|Any CPU.Build.0 = Release|Any CPU
		{A3BC1D2F-F2DA-48DC-9EC3-FD5C03C50C4F}.Debug|Any CPU.ActiveCfg = Debug|Any CPU
		{A3BC1D2F-F2DA-48DC-9EC3-FD5C03C50C4F}.Debug|Any CPU.Build.0 = Debug|Any CPU
		{A3BC1D2F-F2DA-48DC-9EC3-FD5C03C50C4F}.Release|Any CPU.ActiveCfg = Release|Any CPU
		{A3BC1D2F-F2DA-48DC-9EC3-FD5C03C50C4F}.Release|Any CPU.Build.0 = Release|Any CPU
		{2CCBE1B5-A9A8-4355-9DDC-ACF8AF4C6D41}.Debug|Any CPU.ActiveCfg = Debug|Any CPU
		{2CCBE1B5-A9A8-4355-9DDC-ACF8AF4C6D41}.Debug|Any CPU.Build.0 = Debug|Any CPU
		{2CCBE1B5-A9A8-4355-9DDC-ACF8AF4C6D41}.Release|Any CPU.ActiveCfg = Release|Any CPU
		{2CCBE1B5-A9A8-4355-9DDC-ACF8AF4C6D41}.Release|Any CPU.Build.0 = Release|Any CPU
		{944811A4-8A13-439F-BCF3-82CAC46120A8}.Debug|Any CPU.ActiveCfg = Debug|Any CPU
		{944811A4-8A13-439F-BCF3-82CAC46120A8}.Debug|Any CPU.Build.0 = Debug|Any CPU
		{944811A4-8A13-439F-BCF3-82CAC46120A8}.Release|Any CPU.ActiveCfg = Release|Any CPU
		{944811A4-8A13-439F-BCF3-82CAC46120A8}.Release|Any CPU.Build.0 = Release|Any CPU
		{706336F8-930F-4C57-B05B-ABFFDBABD9BE}.Debug|Any CPU.ActiveCfg = Debug|Any CPU
		{706336F8-930F-4C57-B05B-ABFFDBABD9BE}.Debug|Any CPU.Build.0 = Debug|Any CPU
		{706336F8-930F-4C57-B05B-ABFFDBABD9BE}.Release|Any CPU.ActiveCfg = Release|Any CPU
		{706336F8-930F-4C57-B05B-ABFFDBABD9BE}.Release|Any CPU.Build.0 = Release|Any CPU
		{02B6159F-4020-44F7-840E-8E5B8ED85DF9}.Debug|Any CPU.ActiveCfg = Debug|Any CPU
		{02B6159F-4020-44F7-840E-8E5B8ED85DF9}.Debug|Any CPU.Build.0 = Debug|Any CPU
		{02B6159F-4020-44F7-840E-8E5B8ED85DF9}.Release|Any CPU.ActiveCfg = Release|Any CPU
		{02B6159F-4020-44F7-840E-8E5B8ED85DF9}.Release|Any CPU.Build.0 = Release|Any CPU
	EndGlobalSection
	GlobalSection(SolutionProperties) = preSolution
		HideSolutionNode = FALSE
	EndGlobalSection
EndGlobal
